// !$*UTF8*$!
{
	archiveVersion = 1;
	classes = {
	};
	objectVersion = 46;
	objects = {

/* Begin PBXBuildFile section */
		96B1E5911C9A7CBB00E5411E /* AppDelegate.swift in Sources */ = {isa = PBXBuildFile; fileRef = 96B1E5901C9A7CBB00E5411E /* AppDelegate.swift */; };
		96B1E5931C9A7CBB00E5411E /* ViewController.swift in Sources */ = {isa = PBXBuildFile; fileRef = 96B1E5921C9A7CBB00E5411E /* ViewController.swift */; };
		96B1E5961C9A7CBB00E5411E /* Main.storyboard in Resources */ = {isa = PBXBuildFile; fileRef = 96B1E5941C9A7CBB00E5411E /* Main.storyboard */; };
		96B1E5981C9A7CBB00E5411E /* Assets.xcassets in Resources */ = {isa = PBXBuildFile; fileRef = 96B1E5971C9A7CBB00E5411E /* Assets.xcassets */; };
		96B1E59B1C9A7CBB00E5411E /* LaunchScreen.storyboard in Resources */ = {isa = PBXBuildFile; fileRef = 96B1E5991C9A7CBB00E5411E /* LaunchScreen.storyboard */; };
/* End PBXBuildFile section */

/* Begin PBXFileReference section */
		96B1E58D1C9A7CBB00E5411E /* FirstKadaiApp.app */ = {isa = PBXFileReference; explicitFileType = wrapper.application; includeInIndex = 0; path = FirstKadaiApp.app; sourceTree = BUILT_PRODUCTS_DIR; };
		96B1E5901C9A7CBB00E5411E /* AppDelegate.swift */ = {isa = PBXFileReference; lastKnownFileType = sourcecode.swift; path = AppDelegate.swift; sourceTree = "<group>"; };
		96B1E5921C9A7CBB00E5411E /* ViewController.swift */ = {isa = PBXFileReference; lastKnownFileType = sourcecode.swift; path = ViewController.swift; sourceTree = "<group>"; };
		96B1E5951C9A7CBB00E5411E /* Base */ = {isa = PBXFileReference; lastKnownFileType = file.storyboard; name = Base; path = Base.lproj/Main.storyboard; sourceTree = "<group>"; };
		96B1E5971C9A7CBB00E5411E /* Assets.xcassets */ = {isa = PBXFileReference; lastKnownFileType = folder.assetcatalog; path = Assets.xcassets; sourceTree = "<group>"; };
		96B1E59A1C9A7CBB00E5411E /* Base */ = {isa = PBXFileReference; lastKnownFileType = file.storyboard; name = Base; path = Base.lproj/LaunchScreen.storyboard; sourceTree = "<group>"; };
		96B1E59C1C9A7CBB00E5411E /* Info.plist */ = {isa = PBXFileReference; lastKnownFileType = text.plist.xml; path = Info.plist; sourceTree = "<group>"; };
/* End PBXFileReference section */

/* Begin PBXFrameworksBuildPhase section */
		96B1E58A1C9A7CBB00E5411E /* Frameworks */ = {
			isa = PBXFrameworksBuildPhase;
			buildActionMask = 2147483647;
			files = (
			);
			runOnlyForDeploymentPostprocessing = 0;
		};
/* End PBXFrameworksBuildPhase section */

/* Begin PBXGroup section */
		96B1E5841C9A7CBB00E5411E = {
			isa = PBXGroup;
			children = (
				96B1E58F1C9A7CBB00E5411E /* FirstKadaiApp */,
				96B1E58E1C9A7CBB00E5411E /* Products */,
			);
			sourceTree = "<group>";
		};
		96B1E58E1C9A7CBB00E5411E /* Products */ = {
			isa = PBXGroup;
			children = (
				96B1E58D1C9A7CBB00E5411E /* FirstKadaiApp.app */,
			);
			name = Products;
			sourceTree = "<group>";
		};
		96B1E58F1C9A7CBB00E5411E /* FirstKadaiApp */ = {
			isa = PBXGroup;
			children = (
				96B1E5901C9A7CBB00E5411E /* AppDelegate.swift */,
				96B1E5921C9A7CBB00E5411E /* ViewController.swift */,
				96B1E5941C9A7CBB00E5411E /* Main.storyboard */,
				96B1E5971C9A7CBB00E5411E /* Assets.xcassets */,
				96B1E5991C9A7CBB00E5411E /* LaunchScreen.storyboard */,
				96B1E59C1C9A7CBB00E5411E /* Info.plist */,
			);
			path = FirstKadaiApp;
			sourceTree = "<group>";
		};
/* End PBXGroup section */

/* Begin PBXNativeTarget section */
		96B1E58C1C9A7CBB00E5411E /* FirstKadaiApp */ = {
			isa = PBXNativeTarget;
			buildConfigurationList = 96B1E59F1C9A7CBB00E5411E /* Build configuration list for PBXNativeTarget "FirstKadaiApp" */;
			buildPhases = (
				96B1E5891C9A7CBB00E5411E /* Sources */,
				96B1E58A1C9A7CBB00E5411E /* Frameworks */,
				96B1E58B1C9A7CBB00E5411E /* Resources */,
			);
			buildRules = (
			);
			dependencies = (
			);
			name = FirstKadaiApp;
			productName = FirstKadaiApp;
			productReference = 96B1E58D1C9A7CBB00E5411E /* FirstKadaiApp.app */;
			productType = "com.apple.product-type.application";
		};
/* End PBXNativeTarget section */

/* Begin PBXProject section */
		96B1E5851C9A7CBB00E5411E /* Project object */ = {
			isa = PBXProject;
			attributes = {
				LastSwiftUpdateCheck = 0720;
				LastUpgradeCheck = 0720;
				ORGANIZATIONNAME = yuya.matsunami;
				TargetAttributes = {
					96B1E58C1C9A7CBB00E5411E = {
						CreatedOnToolsVersion = 7.2.1;
					};
				};
			};
			buildConfigurationList = 96B1E5881C9A7CBB00E5411E /* Build configuration list for PBXProject "FirstKadaiApp" */;
			compatibilityVersion = "Xcode 3.2";
			developmentRegion = English;
			hasScannedForEncodings = 0;
			knownRegions = (
				en,
				Base,
			);
			mainGroup = 96B1E5841C9A7CBB00E5411E;
			productRefGroup = 96B1E58E1C9A7CBB00E5411E /* Products */;
			projectDirPath = "";
			projectRoot = "";
			targets = (
				96B1E58C1C9A7CBB00E5411E /* FirstKadaiApp */,
			);
		};
/* End PBXProject section */

/* Begin PBXResourcesBuildPhase section */
		96B1E58B1C9A7CBB00E5411E /* Resources */ = {
			isa = PBXResourcesBuildPhase;
			buildActionMask = 2147483647;
			files = (
				96B1E59B1C9A7CBB00E5411E /* LaunchScreen.storyboard in Resources */,
				96B1E5981C9A7CBB00E5411E /* Assets.xcassets in Resources */,
				96B1E5961C9A7CBB00E5411E /* Main.storyboard in Resources */,
			);
			runOnlyForDeploymentPostprocessing = 0;
		};
/* End PBXResourcesBuildPhase section */

/* Begin PBXSourcesBuildPhase section */
		96B1E5891C9A7CBB00E5411E /* Sources */ = {
			isa = PBXSourcesBuildPhase;
			buildActionMask = 2147483647;
			files = (
				96B1E5931C9A7CBB00E5411E /* ViewController.swift in Sources */,
				96B1E5911C9A7CBB00E5411E /* AppDelegate.swift in Sources */,
			);
			runOnlyForDeploymentPostprocessing = 0;
		};
/* End PBXSourcesBuildPhase section */

/* Begin PBXVariantGroup section */
		96B1E5941C9A7CBB00E5411E /* Main.storyboard */ = {
			isa = PBXVariantGroup;
			children = (
				96B1E5951C9A7CBB00E5411E /* Base */,
			);
			name = Main.storyboard;
			sourceTree = "<group>";
		};
		96B1E5991C9A7CBB00E5411E /* LaunchScreen.storyboard */ = {
			isa = PBXVariantGroup;
			children = (
				96B1E59A1C9A7CBB00E5411E /* Base */,
			);
			name = LaunchScreen.storyboard;
			sourceTree = "<group>";
		};
/* End PBXVariantGroup section */

/* Begin XCBuildConfiguration section */
		96B1E59D1C9A7CBB00E5411E /* Debug */ = {
			isa = XCBuildConfiguration;
			buildSettings = {
				ALWAYS_SEARCH_USER_PATHS = NO;
				CLANG_CXX_LANGUAGE_STANDARD = "gnu++0x";
				CLANG_CXX_LIBRARY = "libc++";
				CLANG_ENABLE_MODULES = YES;
				CLANG_ENABLE_OBJC_ARC = YES;
				CLANG_WARN_BOOL_CONVERSION = YES;
				CLANG_WARN_CONSTANT_CONVERSION = YES;
				CLANG_WARN_DIRECT_OBJC_ISA_USAGE = YES_ERROR;
				CLANG_WARN_EMPTY_BODY = YES;
				CLANG_WARN_ENUM_CONVERSION = YES;
				CLANG_WARN_INT_CONVERSION = YES;
				CLANG_WARN_OBJC_ROOT_CLASS = YES_ERROR;
				CLANG_WARN_UNREACHABLE_CODE = YES;
				CLANG_WARN__DUPLICATE_METHOD_MATCH = YES;
				"CODE_SIGN_IDENTITY[sdk=iphoneos*]" = "iPhone Developer";
				COPY_PHASE_STRIP = NO;
				DEBUG_INFORMATION_FORMAT = dwarf;
				ENABLE_STRICT_OBJC_MSGSEND = YES;
				ENABLE_TESTABILITY = YES;
				GCC_C_LANGUAGE_STANDARD = gnu99;
				GCC_DYNAMIC_NO_PIC = NO;
				GCC_NO_COMMON_BLOCKS = YES;
				GCC_OPTIMIZATION_LEVEL = 0;
				GCC_PREPROCESSOR_DEFINITIONS = (
					"DEBUG=1",
					"$(inherited)",
				);
				GCC_WARN_64_TO_32_BIT_CONVERSION = YES;
				GCC_WARN_ABOUT_RETURN_TYPE = YES_ERROR;
				GCC_WARN_UNDECLARED_SELECTOR = YES;
				GCC_WARN_UNINITIALIZED_AUTOS = YES_AGGRESSIVE;
				GCC_WARN_UNUSED_FUNCTION = YES;
				GCC_WARN_UNUSED_VARIABLE = YES;
				IPHONEOS_DEPLOYMENT_TARGET = 9.2;
				MTL_ENABLE_DEBUG_INFO = YES;
				ONLY_ACTIVE_ARCH = YES;
				SDKROOT = iphoneos;
				SWIFT_OPTIMIZATION_LEVEL = "-Onone";
			};
			name = Debug;
		};
		96B1E59E1C9A7CBB00E5411E /* Release */ = {
			isa = XCBuildConfiguration;
			buildSettings = {
				ALWAYS_SEARCH_USER_PATHS = NO;
				CLANG_CXX_LANGUAGE_STANDARD = "gnu++0x";
				CLANG_CXX_LIBRARY = "libc++";
				CLANG_ENABLE_MODULES = YES;
				CLANG_ENABLE_OBJC_ARC = YES;
				CLANG_WARN_BOOL_CONVERSION = YES;
				CLANG_WARN_CONSTANT_CONVERSION = YES;
				CLANG_WARN_DIRECT_OBJC_ISA_USAGE = YES_ERROR;
				CLANG_WARN_EMPTY_BODY = YES;
				CLANG_WARN_ENUM_CONVERSION = YES;
				CLANG_WARN_INT_CONVERSION = YES;
				CLANG_WARN_OBJC_ROOT_CLASS = YES_ERROR;
				CLANG_WARN_UNREACHABLE_CODE = YES;
				CLANG_WARN__DUPLICATE_METHOD_MATCH = YES;
				"CODE_SIGN_IDENTITY[sdk=iphoneos*]" = "iPhone Developer";
				COPY_PHASE_STRIP = NO;
				DEBUG_INFORMATION_FORMAT = "dwarf-with-dsym";
				ENABLE_NS_ASSERTIONS = NO;
				ENABLE_STRICT_OBJC_MSGSEND = YES;
				GCC_C_LANGUAGE_STANDARD = gnu99;
				GCC_NO_COMMON_BLOCKS = YES;
				GCC_WARN_64_TO_32_BIT_CONVERSION = YES;
				GCC_WARN_ABOUT_RETURN_TYPE = YES_ERROR;
				GCC_WARN_UNDECLARED_SELECTOR = YES;
				GCC_WARN_UNINITIALIZED_AUTOS = YES_AGGRESSIVE;
				GCC_WARN_UNUSED_FUNCTION = YES;
				GCC_WARN_UNUSED_VARIABLE = YES;
				IPHONEOS_DEPLOYMENT_TARGET = 9.2;
				MTL_ENABLE_DEBUG_INFO = NO;
				SDKROOT = iphoneos;
				VALIDATE_PRODUCT = YES;
			};
			name = Release;
		};
		96B1E5A01C9A7CBB00E5411E /* Debug */ = {
			isa = XCBuildConfiguration;
			buildSettings = {
				ASSETCATALOG_COMPILER_APPICON_NAME = AppIcon;
				INFOPLIST_FILE = FirstKadaiApp/Info.plist;
				LD_RUNPATH_SEARCH_PATHS = "$(inherited) @executable_path/Frameworks";
				PRODUCT_BUNDLE_IDENTIFIER = jp.techacademy.yuya.matsunami.FirstKadaiApp;
				PRODUCT_NAME = "$(TARGET_NAME)";
			};
			name = Debug;
		};
		96B1E5A11C9A7CBB00E5411E /* Release */ = {
			isa = XCBuildConfiguration;
			buildSettings = {
				ASSETCATALOG_COMPILER_APPICON_NAME = AppIcon;
				INFOPLIST_FILE = FirstKadaiApp/Info.plist;
				LD_RUNPATH_SEARCH_PATHS = "$(inherited) @executable_path/Frameworks";
				PRODUCT_BUNDLE_IDENTIFIER = jp.techacademy.yuya.matsunami.FirstKadaiApp;
				PRODUCT_NAME = "$(TARGET_NAME)";
			};
			name = Release;
		};
/* End XCBuildConfiguration section */

/* Begin XCConfigurationList section */
		96B1E5881C9A7CBB00E5411E /* Build configuration list for PBXProject "FirstKadaiApp" */ = {
			isa = XCConfigurationList;
			buildConfigurations = (
				96B1E59D1C9A7CBB00E5411E /* Debug */,
				96B1E59E1C9A7CBB00E5411E /* Release */,
			);
			defaultConfigurationIsVisible = 0;
			defaultConfigurationName = Release;
		};
		96B1E59F1C9A7CBB00E5411E /* Build configuration list for PBXNativeTarget "FirstKadaiApp" */ = {
			isa = XCConfigurationList;
			buildConfigurations = (
				96B1E5A01C9A7CBB00E5411E /* Debug */,
				96B1E5A11C9A7CBB00E5411E /* Release */,
			);
			defaultConfigurationIsVisible = 0;
		};
/* End XCConfigurationList section */
	};
	rootObject = 96B1E5851C9A7CBB00E5411E /* Project object */;
}
